{
    "_readme": [
        "This file locks the dependencies of your project to a known state",
        "Read more about it at https://getcomposer.org/doc/01-basic-usage.md#composer-lock-the-lock-file",
        "This file is @generated automatically"
    ],
    "hash": "b939e7518f9dfe71133a91fafa1f8b17",
    "content-hash": "4ce6e0ade95f3f2fa57a9380b4f1decc",
    "packages": [
        {
            "name": "mindk/framework",
            "version": "dev-master",
            "source": {
                "type": "git",
                "url": "https://github.com/ddavidov/mfram.git",
                "reference": "3f23bc59bf5bfcf38aa13edee41fa2420470723a"
            },
            "dist": {
                "type": "zip",
                "url": "https://api.github.com/repos/ddavidov/mfram/zipball/3f23bc59bf5bfcf38aa13edee41fa2420470723a",
                "reference": "3f23bc59bf5bfcf38aa13edee41fa2420470723a",
                "shasum": ""
            },
            "type": "library",
            "autoload": {
                "psr-4": {
                    "Mindk\\Framework\\": "src/"
                }
            },
            "license": [
                "MIT"
            ],
            "authors": [
                {
                    "name": "ddavidov",
                    "email": "ddavidov@mindk.com"
                }
            ],
            "description": "Sample FW",
            "support": {
                "source": "https://github.com/ddavidov/mfram/tree/dev-exp",
                "issues": "https://github.com/ddavidov/mfram/issues"
            },
            "time": "2017-02-21 19:05:35"
        }
    ],
    "packages-dev": [],
    "aliases": [],
    "minimum-stability": "dev",
    "stability-flags": {
        "mindk/framework": 20
    },
    "prefer-stable": false,
    "prefer-lowest": false,
    "platform": [],
    "platform-dev": []
}
